
Microsoft Visual Studio Solution File, Format Version 12.00
# Visual Studio Version 16
VisualStudioVersion = 16.0.32106.194
MinimumVisualStudioVersion = 10.0.40219.1
Project("{FAE04EC0-301F-11D3-BF4B-00C04F79EFBC}") = "Задача 1", "Task5\Задача 1.csproj", "{52BFCBE7-1FE2-4844-8B2C-D157781EADB3}"
EndProject
Project("{FAE04EC0-301F-11D3-BF4B-00C04F79EFBC}") = "Задача 2", "Задача 2\Задача 2.csproj", "{4731B70E-CC11-427B-BFEC-30C6E6A4E0B6}"
EndProject
Project("{FAE04EC0-301F-11D3-BF4B-00C04F79EFBC}") = "Задача 3", "Задача 3\Задача 3.csproj", "{1DCBCB3D-346A-497C-9F08-41A2A723D8BD}"
EndProject
Project("{FAE04EC0-301F-11D3-BF4B-00C04F79EFBC}") = "Задача 4", "Задача 4\Задача 4.csproj", "{0D35A8FD-26AF-489F-8AA9-8EC36D747863}"
EndProject
Project("{FAE04EC0-301F-11D3-BF4B-00C04F79EFBC}") = "Задача 5", "Задача 5\Задача 5.csproj", "{7210F1E1-3E79-45D6-AF8F-0111BCD84580}"
EndProject
Project("{FAE04EC0-301F-11D3-BF4B-00C04F79EFBC}") = "Задача 6", "Задача 6\Задача 6.csproj", "{C6DCB8F0-3B72-464F-88E0-10410698DB43}"
EndProject
Global
	GlobalSection(SolutionConfigurationPlatforms) = preSolution
		Debug|Any CPU = Debug|Any CPU
		Release|Any CPU = Release|Any CPU
	EndGlobalSection
	GlobalSection(ProjectConfigurationPlatforms) = postSolution
		{52BFCBE7-1FE2-4844-8B2C-D157781EADB3}.Debug|Any CPU.ActiveCfg = Debug|Any CPU
		{52BFCBE7-1FE2-4844-8B2C-D157781EADB3}.Debug|Any CPU.Build.0 = Debug|Any CPU
		{52BFCBE7-1FE2-4844-8B2C-D157781EADB3}.Release|Any CPU.ActiveCfg = Release|Any CPU
		{52BFCBE7-1FE2-4844-8B2C-D157781EADB3}.Release|Any CPU.Build.0 = Release|Any CPU
		{4731B70E-CC11-427B-BFEC-30C6E6A4E0B6}.Debug|Any CPU.ActiveCfg = Debug|Any CPU
		{4731B70E-CC11-427B-BFEC-30C6E6A4E0B6}.Debug|Any CPU.Build.0 = Debug|Any CPU
		{4731B70E-CC11-427B-BFEC-30C6E6A4E0B6}.Release|Any CPU.ActiveCfg = Release|Any CPU
		{4731B70E-CC11-427B-BFEC-30C6E6A4E0B6}.Release|Any CPU.Build.0 = Release|Any CPU
		{1DCBCB3D-346A-497C-9F08-41A2A723D8BD}.Debug|Any CPU.ActiveCfg = Debug|Any CPU
		{1DCBCB3D-346A-497C-9F08-41A2A723D8BD}.Debug|Any CPU.Build.0 = Debug|Any CPU
		{1DCBCB3D-346A-497C-9F08-41A2A723D8BD}.Release|Any CPU.ActiveCfg = Release|Any CPU
		{1DCBCB3D-346A-497C-9F08-41A2A723D8BD}.Release|Any CPU.Build.0 = Release|Any CPU
		{0D35A8FD-26AF-489F-8AA9-8EC36D747863}.Debug|Any CPU.ActiveCfg = Debug|Any CPU
		{0D35A8FD-26AF-489F-8AA9-8EC36D747863}.Debug|Any CPU.Build.0 = Debug|Any CPU
		{0D35A8FD-26AF-489F-8AA9-8EC36D747863}.Release|Any CPU.ActiveCfg = Release|Any CPU
		{0D35A8FD-26AF-489F-8AA9-8EC36D747863}.Release|Any CPU.Build.0 = Release|Any CPU
		{7210F1E1-3E79-45D6-AF8F-0111BCD84580}.Debug|Any CPU.ActiveCfg = Debug|Any CPU
		{7210F1E1-3E79-45D6-AF8F-0111BCD84580}.Debug|Any CPU.Build.0 = Debug|Any CPU
		{7210F1E1-3E79-45D6-AF8F-0111BCD84580}.Release|Any CPU.ActiveCfg = Release|Any CPU
		{7210F1E1-3E79-45D6-AF8F-0111BCD84580}.Release|Any CPU.Build.0 = Release|Any CPU
		{C6DCB8F0-3B72-464F-88E0-10410698DB43}.Debug|Any CPU.ActiveCfg = Debug|Any CPU
		{C6DCB8F0-3B72-464F-88E0-10410698DB43}.Debug|Any CPU.Build.0 = Debug|Any CPU
		{C6DCB8F0-3B72-464F-88E0-10410698DB43}.Release|Any CPU.ActiveCfg = Release|Any CPU
		{C6DCB8F0-3B72-464F-88E0-10410698DB43}.Release|Any CPU.Build.0 = Release|Any CPU
	EndGlobalSection
	GlobalSection(SolutionProperties) = preSolution
		HideSolutionNode = FALSE
	EndGlobalSection
	GlobalSection(ExtensibilityGlobals) = postSolution
		SolutionGuid = {0AAEEDDC-ED53-49A6-B1F2-C25BB4DE09BC}
	EndGlobalSection
EndGlobal
